
Microsoft Visual Studio Solution File, Format Version 12.00
# Visual Studio Version 17
VisualStudioVersion = 17.10.34928.147
MinimumVisualStudioVersion = 10.0.40219.1
Project("{FAE04EC0-301F-11D3-BF4B-00C04F79EFBC}") = "3", "3\3.csproj", "{D4C94F28-7A77-4527-9651-2256EB8F576C}"
EndProject
Global
	GlobalSection(SolutionConfigurationPlatforms) = preSolution
		Debug|Any CPU = Debug|Any CPU
		Release|Any CPU = Release|Any CPU
	EndGlobalSection
	GlobalSection(ProjectConfigurationPlatforms) = postSolution
		{D4C94F28-7A77-4527-9651-2256EB8F576C}.Debug|Any CPU.ActiveCfg = Debug|Any CPU
		{D4C94F28-7A77-4527-9651-2256EB8F576C}.Debug|Any CPU.Build.0 = Debug|Any CPU
		{D4C94F28-7A77-4527-9651-2256EB8F576C}.Release|Any CPU.ActiveCfg = Release|Any CPU
		{D4C94F28-7A77-4527-9651-2256EB8F576C}.Release|Any CPU.Build.0 = Release|Any CPU
	EndGlobalSection
	GlobalSection(SolutionProperties) = preSolution
		HideSolutionNode = FALSE
	EndGlobalSection
	GlobalSection(ExtensibilityGlobals) = postSolution
		SolutionGuid = {E20EAFCE-E07A-471D-BB58-8F28CC540400}
	EndGlobalSection
EndGlobal
